
Microsoft Visual Studio Solution File, Format Version 12.00
# Visual Studio 15
VisualStudioVersion = 15.0.27130.2036
MinimumVisualStudioVersion = 10.0.40219.1
Project("{FAE04EC0-301F-11D3-BF4B-00C04F79EFBC}") = "BovStickApi", "BovStickApi\BovStickApi.csproj", "{340A89FC-C170-41ED-8A52-4847E3612094}"
EndProject
Global
	GlobalSection(SolutionConfigurationPlatforms) = preSolution
		Debug|Any CPU = Debug|Any CPU
		Release|Any CPU = Release|Any CPU
	EndGlobalSection
	GlobalSection(ProjectConfigurationPlatforms) = postSolution
		{340A89FC-C170-41ED-8A52-4847E3612094}.Debug|Any CPU.ActiveCfg = Debug|Any CPU
		{340A89FC-C170-41ED-8A52-4847E3612094}.Debug|Any CPU.Build.0 = Debug|Any CPU
		{340A89FC-C170-41ED-8A52-4847E3612094}.Release|Any CPU.ActiveCfg = Release|Any CPU
		{340A89FC-C170-41ED-8A52-4847E3612094}.Release|Any CPU.Build.0 = Release|Any CPU
	EndGlobalSection
	GlobalSection(SolutionProperties) = preSolution
		HideSolutionNode = FALSE
	EndGlobalSection
	GlobalSection(ExtensibilityGlobals) = postSolution
		SolutionGuid = {AE4F6CF7-7561-4047-B5CA-FB552EEC7B88}
	EndGlobalSection
EndGlobal
